PODS:
  - CocoaAsyncSocket (7.6.4)
  - DACircularProgress (2.3.1)
  - Masonry (1.1.0)
  - MBProgressHUD (0.9.2)
  - MQTTClient (0.15.2):
    - MQTTClient/Core (= 0.15.2)
  - MQTTClient/Core (0.15.2):
    - MQTTClient/Manager
    - MQTTClient/Min
  - MQTTClient/Manager (0.15.2):
    - MQTTClient/Min
  - MQTTClient/Min (0.15.2)
  - Reachability (3.2)
  - SDWebImage (5.9.2):
    - SDWebImage/Core (= 5.9.2)
  - SDWebImage/Core (5.9.2)
  - TuyaCameraSDK (3.17.3)
  - TuyaSmartActivatorKit (3.19.1):
    - TuyaSmartDeviceKit (>= 3.19.0)
  - TuyaSmartBaseKit (3.19.2):
    - TuyaSmartUtil (>= 3.19.0)
    - YYModel
  - TuyaSmartCameraBase (4.17.0)
  - TuyaSmartCameraKit (4.17.1):
    - TuyaSmartBaseKit
    - TuyaSmartCameraBase
    - TuyaSmartCameraM
    - TuyaSmartDeviceKit
  - TuyaSmartCameraM (4.17.3):
    - TuyaCameraSDK
    - TuyaSmartBaseKit
    - TuyaSmartCameraBase
    - TuyaSmartDeviceKit
  - TuyaSmartDemo/AddDevice (0.8.2):
    - Masonry
    - SDWebImage
    - TuyaSmartActivatorKit
    - TuyaSmartDemo/Base
  - TuyaSmartDemo/Base (0.8.2):
    - MBProgressHUD (~> 0.9.2)
    - Reachability
    - TuyaSmartBaseKit
    - YYModel
  - TuyaSmartDemo/DeviceList (0.8.2):
    - SDWebImage
    - TuyaSmartDemo/Base
    - TuyaSmartDeviceKit
  - TuyaSmartDemo/IPC (0.8.2):
    - DACircularProgress
    - TuyaSmartCameraKit
    - TuyaSmartDemo/Base
    - TYEncryptImage
  - TuyaSmartDemo/Login (0.8.2):
    - TuyaSmartBaseKit
    - TuyaSmartDemo/Base
  - TuyaSmartDemo/UserInfo (0.8.2):
    - TuyaSmartDemo/Base
  - TuyaSmartDeviceCoreKit (3.19.1):
    - TuyaSmartBaseKit (>= 3.19.0)
    - TuyaSmartMQTTChannelKit (>= 3.19.0)
    - TuyaSmartSocketChannelKit (>= 3.19.0)
  - TuyaSmartDeviceKit (3.19.4):
    - TuyaSmartBaseKit (>= 3.19.0)
    - TuyaSmartDeviceCoreKit (>= 3.19.0)
  - TuyaSmartMQTTChannelKit (3.19.1):
    - MQTTClient (= 0.15.2)
    - TuyaSmartBaseKit (>= 3.19.0)
    - TuyaSmartQUIC
  - TuyaSmartQUIC (1.1.1)
  - TuyaSmartSocketChannelKit (3.19.0):
    - CocoaAsyncSocket
    - TuyaSmartBaseKit (>= 3.19.0)
  - TuyaSmartUtil (3.19.0)
  - TYEncryptImage (3.20.0)
  - YYModel (1.0.4)

DEPENDENCIES:
  - TuyaSmartDemo/AddDevice (from `../`)
  - TuyaSmartDemo/Base (from `../`)
  - TuyaSmartDemo/DeviceList (from `../`)
  - TuyaSmartDemo/IPC (from `../`)
  - TuyaSmartDemo/Login (from `../`)
  - TuyaSmartDemo/UserInfo (from `../`)

SPEC REPOS:
  trunk:
    - CocoaAsyncSocket
    - DACircularProgress
    - Masonry
    - MBProgressHUD
    - MQTTClient
    - Reachability
    - SDWebImage
    - TuyaCameraSDK
    - TuyaSmartActivatorKit
    - TuyaSmartBaseKit
    - TuyaSmartCameraBase
    - TuyaSmartCameraKit
    - TuyaSmartCameraM
    - TuyaSmartDeviceCoreKit
    - TuyaSmartDeviceKit
    - TuyaSmartMQTTChannelKit
    - TuyaSmartQUIC
    - TuyaSmartSocketChannelKit
    - TuyaSmartUtil
    - TYEncryptImage
    - YYModel

EXTERNAL SOURCES:
  TuyaSmartDemo:
    :path: "../"

SPEC CHECKSUMS:
  CocoaAsyncSocket: 694058e7c0ed05a9e217d1b3c7ded962f4180845
  DACircularProgress: 4dd437c0fc3da5161cb289e07ac449493d41db71
  Masonry: 678fab65091a9290e40e2832a55e7ab731aad201
  MBProgressHUD: 1569cf7ace17a8bac47aabfbb8580a49690386d1
  MQTTClient: 902c7bcac1501595f3d0b15178c7205b40331fb0
  Reachability: 33e18b67625424e47b6cde6d202dce689ad7af96
  SDWebImage: 0b42b8719ab0c5257177d5894306e8a336b21cbb
  TuyaCameraSDK: 04056efc44f06d5eabdf693989e6d7ba7c84c189
  TuyaSmartActivatorKit: 761b6785aab18d1cb2727caa87c3db1777b3f475
  TuyaSmartBaseKit: bdf0e1eca3e071096cf66886f2a01d1b930413d3
  TuyaSmartCameraBase: eeed37caf4a6489a507f8b2f0c4510d210a536ec
  TuyaSmartCameraKit: f7609fd0ae5cebf21b823fbd6ca21812ac347a1d
  TuyaSmartCameraM: e98946f83e1f6249f3f233c6499330768f0123b3
  TuyaSmartDemo: 61842026b235127d392dcb8ca5bfe3815f425805
  TuyaSmartDeviceCoreKit: b7aa783831e50f9ab31f1062da9d4a67367d2035
  TuyaSmartDeviceKit: 467fa2e89eedc745bad8fd65ae3df51023b71010
  TuyaSmartMQTTChannelKit: 0323297ea3ff2446e8c0db8d794c2302c0246983
  TuyaSmartQUIC: 5bb81563fedf5b739ac50a5abbf42ec807cfb64b
  TuyaSmartSocketChannelKit: 9114f88b361a6df55f2cfde22f02ec6bffa07c2e
  TuyaSmartUtil: 6c9da514ce8a3bc02478180c27b9e3d76a66e14c
  TYEncryptImage: ed87e1f7eed35898eb30d17cf3b02fff6f9c8011
  YYModel: 2a7fdd96aaa4b86a824e26d0c517de8928c04b30

PODFILE CHECKSUM: 1acea0e07b4c000ba2bc2cccaa75d2aa07565826

COCOAPODS: 1.9.1
