// !$*UTF8*$!
{
	archiveVersion = 1;
	classes = {
	};
	objectVersion = 46;
	objects = {

/* Begin PBXBuildFile section */
		2C302E1AB89FA53053DA0B08 /* Pods_TuyaSmartCamera_Example.framework in Frameworks */ = {isa = PBXBuildFile; fileRef = E2D2B734BC56580F396F50C2 /* Pods_TuyaSmartCamera_Example.framework */; };
		6003F58E195388D20070C39A /* Foundation.framework in Frameworks */ = {isa = PBXBuildFile; fileRef = 6003F58D195388D20070C39A /* Foundation.framework */; };
		6003F590195388D20070C39A /* CoreGraphics.framework in Frameworks */ = {isa = PBXBuildFile; fileRef = 6003F58F195388D20070C39A /* CoreGraphics.framework */; };
		6003F592195388D20070C39A /* UIKit.framework in Frameworks */ = {isa = PBXBuildFile; fileRef = 6003F591195388D20070C39A /* UIKit.framework */; };
		6003F598195388D20070C39A /* InfoPlist.strings in Resources */ = {isa = PBXBuildFile; fileRef = 6003F596195388D20070C39A /* InfoPlist.strings */; };
		6003F59A195388D20070C39A /* main.m in Sources */ = {isa = PBXBuildFile; fileRef = 6003F599195388D20070C39A /* main.m */; };
		6003F59E195388D20070C39A /* TuyaSmartAppDelegate.m in Sources */ = {isa = PBXBuildFile; fileRef = 6003F59D195388D20070C39A /* TuyaSmartAppDelegate.m */; };
		6003F5A9195388D20070C39A /* Images.xcassets in Resources */ = {isa = PBXBuildFile; fileRef = 6003F5A8195388D20070C39A /* Images.xcassets */; };
		6003F5B0195388D20070C39A /* XCTest.framework in Frameworks */ = {isa = PBXBuildFile; fileRef = 6003F5AF195388D20070C39A /* XCTest.framework */; };
		6003F5B1195388D20070C39A /* Foundation.framework in Frameworks */ = {isa = PBXBuildFile; fileRef = 6003F58D195388D20070C39A /* Foundation.framework */; };
		6003F5B2195388D20070C39A /* UIKit.framework in Frameworks */ = {isa = PBXBuildFile; fileRef = 6003F591195388D20070C39A /* UIKit.framework */; };
		6003F5BA195388D20070C39A /* InfoPlist.strings in Resources */ = {isa = PBXBuildFile; fileRef = 6003F5B8195388D20070C39A /* InfoPlist.strings */; };
		6003F5BC195388D20070C39A /* Tests.m in Sources */ = {isa = PBXBuildFile; fileRef = 6003F5BB195388D20070C39A /* Tests.m */; };
		71719F9F1E33DC2100824A3D /* LaunchScreen.storyboard in Resources */ = {isa = PBXBuildFile; fileRef = 71719F9D1E33DC2100824A3D /* LaunchScreen.storyboard */; };
		7708146F21D0E80B002E5C16 /* TuyaSmartControlCollectionViewCell.m in Sources */ = {isa = PBXBuildFile; fileRef = 7708146E21D0E80B002E5C16 /* TuyaSmartControlCollectionViewCell.m */; };
		7739643621D207F600566A8B /* NSDate+TuyaSmart.m in Sources */ = {isa = PBXBuildFile; fileRef = 7739643521D207F600566A8B /* NSDate+TuyaSmart.m */; };
		7757664021D0C78600BAA7D6 /* TuyaSmartDeviceTableViewController.m in Sources */ = {isa = PBXBuildFile; fileRef = 7757663F21D0C78600BAA7D6 /* TuyaSmartDeviceTableViewController.m */; };
		7757664C21D0E25E00BAA7D6 /* TuyaSmartCameraViewController.m in Sources */ = {isa = PBXBuildFile; fileRef = 7757664A21D0E25E00BAA7D6 /* TuyaSmartCameraViewController.m */; };
		7757664D21D0E25E00BAA7D6 /* TuyaSmartCameraViewController.xib in Resources */ = {isa = PBXBuildFile; fileRef = 7757664B21D0E25E00BAA7D6 /* TuyaSmartCameraViewController.xib */; };
		7757665121D0E64400BAA7D6 /* TuyaSmartControlModel.m in Sources */ = {isa = PBXBuildFile; fileRef = 7757665021D0E64400BAA7D6 /* TuyaSmartControlModel.m */; };
		77A7238021DCC3BF00186154 /* TuyaSmartLoginManager.m in Sources */ = {isa = PBXBuildFile; fileRef = 77A7237F21DCC3BF00186154 /* TuyaSmartLoginManager.m */; };
		77A7238321DDA5A200186154 /* TuyaSmartDeviceManager.m in Sources */ = {isa = PBXBuildFile; fileRef = 77A7238221DDA5A200186154 /* TuyaSmartDeviceManager.m */; };
		77ACCDAF21EF1E9F0058244D /* TuyaSmartUserConfig.m in Sources */ = {isa = PBXBuildFile; fileRef = 77ACCDAD21EF1E9F0058244D /* TuyaSmartUserConfig.m */; };
		873B8AEB1B1F5CCA007FD442 /* Main.storyboard in Resources */ = {isa = PBXBuildFile; fileRef = 873B8AEA1B1F5CCA007FD442 /* Main.storyboard */; };
		967F6BDF769C525776C417CA /* Pods_TuyaSmartCamera_Tests.framework in Frameworks */ = {isa = PBXBuildFile; fileRef = 3F709FC9ABD933E475DD5700 /* Pods_TuyaSmartCamera_Tests.framework */; };
/* End PBXBuildFile section */

/* Begin PBXContainerItemProxy section */
		6003F5B3195388D20070C39A /* PBXContainerItemProxy */ = {
			isa = PBXContainerItemProxy;
			containerPortal = 6003F582195388D10070C39A /* Project object */;
			proxyType = 1;
			remoteGlobalIDString = 6003F589195388D20070C39A;
			remoteInfo = TuyaSmartCamera;
		};
/* End PBXContainerItemProxy section */

/* Begin PBXFileReference section */
		39BE4D255119486306BA9F38 /* Pods-TuyaSmartCamera_Tests.debug.xcconfig */ = {isa = PBXFileReference; includeInIndex = 1; lastKnownFileType = text.xcconfig; name = "Pods-TuyaSmartCamera_Tests.debug.xcconfig"; path = "Pods/Target Support Files/Pods-TuyaSmartCamera_Tests/Pods-TuyaSmartCamera_Tests.debug.xcconfig"; sourceTree = "<group>"; };
		3F709FC9ABD933E475DD5700 /* Pods_TuyaSmartCamera_Tests.framework */ = {isa = PBXFileReference; explicitFileType = wrapper.framework; includeInIndex = 0; path = Pods_TuyaSmartCamera_Tests.framework; sourceTree = BUILT_PRODUCTS_DIR; };
		4EE3B74FE1C8190F6034E71F /* README.md */ = {isa = PBXFileReference; includeInIndex = 1; lastKnownFileType = net.daringfireball.markdown; name = README.md; path = ../README.md; sourceTree = "<group>"; };
		6003F58A195388D20070C39A /* TuyaSmartCamera_Example.app */ = {isa = PBXFileReference; explicitFileType = wrapper.application; includeInIndex = 0; path = TuyaSmartCamera_Example.app; sourceTree = BUILT_PRODUCTS_DIR; };
		6003F58D195388D20070C39A /* Foundation.framework */ = {isa = PBXFileReference; lastKnownFileType = wrapper.framework; name = Foundation.framework; path = System/Library/Frameworks/Foundation.framework; sourceTree = SDKROOT; };
		6003F58F195388D20070C39A /* CoreGraphics.framework */ = {isa = PBXFileReference; lastKnownFileType = wrapper.framework; name = CoreGraphics.framework; path = System/Library/Frameworks/CoreGraphics.framework; sourceTree = SDKROOT; };
		6003F591195388D20070C39A /* UIKit.framework */ = {isa = PBXFileReference; lastKnownFileType = wrapper.framework; name = UIKit.framework; path = System/Library/Frameworks/UIKit.framework; sourceTree = SDKROOT; };
		6003F595195388D20070C39A /* TuyaSmartCamera-Info.plist */ = {isa = PBXFileReference; lastKnownFileType = text.plist.xml; path = "TuyaSmartCamera-Info.plist"; sourceTree = "<group>"; };
		6003F597195388D20070C39A /* en */ = {isa = PBXFileReference; lastKnownFileType = text.plist.strings; name = en; path = en.lproj/InfoPlist.strings; sourceTree = "<group>"; };
		6003F599195388D20070C39A /* main.m */ = {isa = PBXFileReference; lastKnownFileType = sourcecode.c.objc; path = main.m; sourceTree = "<group>"; };
		6003F59B195388D20070C39A /* TuyaSmartCamera-Prefix.pch */ = {isa = PBXFileReference; lastKnownFileType = sourcecode.c.h; path = "TuyaSmartCamera-Prefix.pch"; sourceTree = "<group>"; };
		6003F59C195388D20070C39A /* TuyaSmartAppDelegate.h */ = {isa = PBXFileReference; lastKnownFileType = sourcecode.c.h; path = TuyaSmartAppDelegate.h; sourceTree = "<group>"; };
		6003F59D195388D20070C39A /* TuyaSmartAppDelegate.m */ = {isa = PBXFileReference; lastKnownFileType = sourcecode.c.objc; path = TuyaSmartAppDelegate.m; sourceTree = "<group>"; };
		6003F5A8195388D20070C39A /* Images.xcassets */ = {isa = PBXFileReference; lastKnownFileType = folder.assetcatalog; path = Images.xcassets; sourceTree = "<group>"; };
		6003F5AE195388D20070C39A /* TuyaSmartCamera_Tests.xctest */ = {isa = PBXFileReference; explicitFileType = wrapper.cfbundle; includeInIndex = 0; path = TuyaSmartCamera_Tests.xctest; sourceTree = BUILT_PRODUCTS_DIR; };
		6003F5AF195388D20070C39A /* XCTest.framework */ = {isa = PBXFileReference; lastKnownFileType = wrapper.framework; name = XCTest.framework; path = Library/Frameworks/XCTest.framework; sourceTree = DEVELOPER_DIR; };
		6003F5B7195388D20070C39A /* Tests-Info.plist */ = {isa = PBXFileReference; lastKnownFileType = text.plist.xml; path = "Tests-Info.plist"; sourceTree = "<group>"; };
		6003F5B9195388D20070C39A /* en */ = {isa = PBXFileReference; lastKnownFileType = text.plist.strings; name = en; path = en.lproj/InfoPlist.strings; sourceTree = "<group>"; };
		6003F5BB195388D20070C39A /* Tests.m */ = {isa = PBXFileReference; lastKnownFileType = sourcecode.c.objc; path = Tests.m; sourceTree = "<group>"; };
		606FC2411953D9B200FFA9A0 /* Tests-Prefix.pch */ = {isa = PBXFileReference; lastKnownFileType = sourcecode.c.h; path = "Tests-Prefix.pch"; sourceTree = "<group>"; };
		653C1A922702C038E09EC359 /* LICENSE */ = {isa = PBXFileReference; includeInIndex = 1; lastKnownFileType = text; name = LICENSE; path = ../LICENSE; sourceTree = "<group>"; };
		71719F9E1E33DC2100824A3D /* Base */ = {isa = PBXFileReference; lastKnownFileType = file.storyboard; name = Base; path = Base.lproj/LaunchScreen.storyboard; sourceTree = "<group>"; };
		7708146D21D0E80B002E5C16 /* TuyaSmartControlCollectionViewCell.h */ = {isa = PBXFileReference; lastKnownFileType = sourcecode.c.h; path = TuyaSmartControlCollectionViewCell.h; sourceTree = "<group>"; };
		7708146E21D0E80B002E5C16 /* TuyaSmartControlCollectionViewCell.m */ = {isa = PBXFileReference; lastKnownFileType = sourcecode.c.objc; path = TuyaSmartControlCollectionViewCell.m; sourceTree = "<group>"; };
		7739643421D207F600566A8B /* NSDate+TuyaSmart.h */ = {isa = PBXFileReference; lastKnownFileType = sourcecode.c.h; path = "NSDate+TuyaSmart.h"; sourceTree = "<group>"; };
		7739643521D207F600566A8B /* NSDate+TuyaSmart.m */ = {isa = PBXFileReference; lastKnownFileType = sourcecode.c.objc; path = "NSDate+TuyaSmart.m"; sourceTree = "<group>"; };
		7757663E21D0C78600BAA7D6 /* TuyaSmartDeviceTableViewController.h */ = {isa = PBXFileReference; lastKnownFileType = sourcecode.c.h; path = TuyaSmartDeviceTableViewController.h; sourceTree = "<group>"; };
		7757663F21D0C78600BAA7D6 /* TuyaSmartDeviceTableViewController.m */ = {isa = PBXFileReference; lastKnownFileType = sourcecode.c.objc; path = TuyaSmartDeviceTableViewController.m; sourceTree = "<group>"; };
		7757664921D0E25E00BAA7D6 /* TuyaSmartCameraViewController.h */ = {isa = PBXFileReference; lastKnownFileType = sourcecode.c.h; path = TuyaSmartCameraViewController.h; sourceTree = "<group>"; };
		7757664A21D0E25E00BAA7D6 /* TuyaSmartCameraViewController.m */ = {isa = PBXFileReference; lastKnownFileType = sourcecode.c.objc; path = TuyaSmartCameraViewController.m; sourceTree = "<group>"; };
		7757664B21D0E25E00BAA7D6 /* TuyaSmartCameraViewController.xib */ = {isa = PBXFileReference; lastKnownFileType = file.xib; path = TuyaSmartCameraViewController.xib; sourceTree = "<group>"; };
		7757664F21D0E64400BAA7D6 /* TuyaSmartControlModel.h */ = {isa = PBXFileReference; lastKnownFileType = sourcecode.c.h; path = TuyaSmartControlModel.h; sourceTree = "<group>"; };
		7757665021D0E64400BAA7D6 /* TuyaSmartControlModel.m */ = {isa = PBXFileReference; lastKnownFileType = sourcecode.c.objc; path = TuyaSmartControlModel.m; sourceTree = "<group>"; };
		77A7237E21DCC3BF00186154 /* TuyaSmartLoginManager.h */ = {isa = PBXFileReference; lastKnownFileType = sourcecode.c.h; path = TuyaSmartLoginManager.h; sourceTree = "<group>"; };
		77A7237F21DCC3BF00186154 /* TuyaSmartLoginManager.m */ = {isa = PBXFileReference; lastKnownFileType = sourcecode.c.objc; path = TuyaSmartLoginManager.m; sourceTree = "<group>"; };
		77A7238121DDA5A200186154 /* TuyaSmartDeviceManager.h */ = {isa = PBXFileReference; lastKnownFileType = sourcecode.c.h; path = TuyaSmartDeviceManager.h; sourceTree = "<group>"; };
		77A7238221DDA5A200186154 /* TuyaSmartDeviceManager.m */ = {isa = PBXFileReference; lastKnownFileType = sourcecode.c.objc; path = TuyaSmartDeviceManager.m; sourceTree = "<group>"; };
		77ACCDAD21EF1E9F0058244D /* TuyaSmartUserConfig.m */ = {isa = PBXFileReference; fileEncoding = 4; lastKnownFileType = sourcecode.c.objc; path = TuyaSmartUserConfig.m; sourceTree = "<group>"; };
		77ACCDAE21EF1E9F0058244D /* TuyaSmartUserConfig.h */ = {isa = PBXFileReference; fileEncoding = 4; lastKnownFileType = sourcecode.c.h; path = TuyaSmartUserConfig.h; sourceTree = "<group>"; };
		873B8AEA1B1F5CCA007FD442 /* Main.storyboard */ = {isa = PBXFileReference; fileEncoding = 4; lastKnownFileType = file.storyboard; name = Main.storyboard; path = Base.lproj/Main.storyboard; sourceTree = "<group>"; };
		B48CAB5EA93F2D71CC50F8D2 /* Pods-TuyaSmartCamera_Tests.release.xcconfig */ = {isa = PBXFileReference; includeInIndex = 1; lastKnownFileType = text.xcconfig; name = "Pods-TuyaSmartCamera_Tests.release.xcconfig"; path = "Pods/Target Support Files/Pods-TuyaSmartCamera_Tests/Pods-TuyaSmartCamera_Tests.release.xcconfig"; sourceTree = "<group>"; };
		BBD5D9C0FA860C2D17ECADAC /* Pods-TuyaSmartCamera_Example.debug.xcconfig */ = {isa = PBXFileReference; includeInIndex = 1; lastKnownFileType = text.xcconfig; name = "Pods-TuyaSmartCamera_Example.debug.xcconfig"; path = "Pods/Target Support Files/Pods-TuyaSmartCamera_Example/Pods-TuyaSmartCamera_Example.debug.xcconfig"; sourceTree = "<group>"; };
		C08177514A2B1373D09A8CEE /* Pods-TuyaSmartCamera_Example.release.xcconfig */ = {isa = PBXFileReference; includeInIndex = 1; lastKnownFileType = text.xcconfig; name = "Pods-TuyaSmartCamera_Example.release.xcconfig"; path = "Pods/Target Support Files/Pods-TuyaSmartCamera_Example/Pods-TuyaSmartCamera_Example.release.xcconfig"; sourceTree = "<group>"; };
		D596F75589A70113AAF47B46 /* TuyaSmartCamera.podspec */ = {isa = PBXFileReference; includeInIndex = 1; lastKnownFileType = text; name = TuyaSmartCamera.podspec; path = ../TuyaSmartCamera.podspec; sourceTree = "<group>"; xcLanguageSpecificationIdentifier = xcode.lang.ruby; };
		E2D2B734BC56580F396F50C2 /* Pods_TuyaSmartCamera_Example.framework */ = {isa = PBXFileReference; explicitFileType = wrapper.framework; includeInIndex = 0; path = Pods_TuyaSmartCamera_Example.framework; sourceTree = BUILT_PRODUCTS_DIR; };
/* End PBXFileReference section */

/* Begin PBXFrameworksBuildPhase section */
		6003F587195388D20070C39A /* Frameworks */ = {
			isa = PBXFrameworksBuildPhase;
			buildActionMask = 2147483647;
			files = (
				6003F590195388D20070C39A /* CoreGraphics.framework in Frameworks */,
				6003F592195388D20070C39A /* UIKit.framework in Frameworks */,
				6003F58E195388D20070C39A /* Foundation.framework in Frameworks */,
				2C302E1AB89FA53053DA0B08 /* Pods_TuyaSmartCamera_Example.framework in Frameworks */,
			);
			runOnlyForDeploymentPostprocessing = 0;
		};
		6003F5AB195388D20070C39A /* Frameworks */ = {
			isa = PBXFrameworksBuildPhase;
			buildActionMask = 2147483647;
			files = (
				6003F5B0195388D20070C39A /* XCTest.framework in Frameworks */,
				6003F5B2195388D20070C39A /* UIKit.framework in Frameworks */,
				6003F5B1195388D20070C39A /* Foundation.framework in Frameworks */,
				967F6BDF769C525776C417CA /* Pods_TuyaSmartCamera_Tests.framework in Frameworks */,
			);
			runOnlyForDeploymentPostprocessing = 0;
		};
/* End PBXFrameworksBuildPhase section */

/* Begin PBXGroup section */
		4545426DFAE52EE2D9888359 /* Pods */ = {
			isa = PBXGroup;
			children = (
				BBD5D9C0FA860C2D17ECADAC /* Pods-TuyaSmartCamera_Example.debug.xcconfig */,
				C08177514A2B1373D09A8CEE /* Pods-TuyaSmartCamera_Example.release.xcconfig */,
				39BE4D255119486306BA9F38 /* Pods-TuyaSmartCamera_Tests.debug.xcconfig */,
				B48CAB5EA93F2D71CC50F8D2 /* Pods-TuyaSmartCamera_Tests.release.xcconfig */,
			);
			name = Pods;
			sourceTree = "<group>";
		};
		6003F581195388D10070C39A = {
			isa = PBXGroup;
			children = (
				60FF7A9C1954A5C5007DD14C /* Podspec Metadata */,
				6003F593195388D20070C39A /* Example for TuyaSmartCamera */,
				6003F5B5195388D20070C39A /* Tests */,
				6003F58C195388D20070C39A /* Frameworks */,
				6003F58B195388D20070C39A /* Products */,
				4545426DFAE52EE2D9888359 /* Pods */,
			);
			sourceTree = "<group>";
		};
		6003F58B195388D20070C39A /* Products */ = {
			isa = PBXGroup;
			children = (
				6003F58A195388D20070C39A /* TuyaSmartCamera_Example.app */,
				6003F5AE195388D20070C39A /* TuyaSmartCamera_Tests.xctest */,
			);
			name = Products;
			sourceTree = "<group>";
		};
		6003F58C195388D20070C39A /* Frameworks */ = {
			isa = PBXGroup;
			children = (
				6003F58D195388D20070C39A /* Foundation.framework */,
				6003F58F195388D20070C39A /* CoreGraphics.framework */,
				6003F591195388D20070C39A /* UIKit.framework */,
				6003F5AF195388D20070C39A /* XCTest.framework */,
				E2D2B734BC56580F396F50C2 /* Pods_TuyaSmartCamera_Example.framework */,
				3F709FC9ABD933E475DD5700 /* Pods_TuyaSmartCamera_Tests.framework */,
			);
			name = Frameworks;
			sourceTree = "<group>";
		};
		6003F593195388D20070C39A /* Example for TuyaSmartCamera */ = {
			isa = PBXGroup;
			children = (
				7757663121D0C5B800BAA7D6 /* Classes */,
				6003F59C195388D20070C39A /* TuyaSmartAppDelegate.h */,
				6003F59D195388D20070C39A /* TuyaSmartAppDelegate.m */,
				873B8AEA1B1F5CCA007FD442 /* Main.storyboard */,
				71719F9D1E33DC2100824A3D /* LaunchScreen.storyboard */,
				6003F5A8195388D20070C39A /* Images.xcassets */,
				6003F594195388D20070C39A /* Supporting Files */,
			);
			name = "Example for TuyaSmartCamera";
			path = TuyaSmartCamera;
			sourceTree = "<group>";
		};
		6003F594195388D20070C39A /* Supporting Files */ = {
			isa = PBXGroup;
			children = (
				6003F595195388D20070C39A /* TuyaSmartCamera-Info.plist */,
				6003F596195388D20070C39A /* InfoPlist.strings */,
				6003F599195388D20070C39A /* main.m */,
				6003F59B195388D20070C39A /* TuyaSmartCamera-Prefix.pch */,
			);
			name = "Supporting Files";
			sourceTree = "<group>";
		};
		6003F5B5195388D20070C39A /* Tests */ = {
			isa = PBXGroup;
			children = (
				6003F5BB195388D20070C39A /* Tests.m */,
				6003F5B6195388D20070C39A /* Supporting Files */,
			);
			path = Tests;
			sourceTree = "<group>";
		};
		6003F5B6195388D20070C39A /* Supporting Files */ = {
			isa = PBXGroup;
			children = (
				6003F5B7195388D20070C39A /* Tests-Info.plist */,
				6003F5B8195388D20070C39A /* InfoPlist.strings */,
				606FC2411953D9B200FFA9A0 /* Tests-Prefix.pch */,
			);
			name = "Supporting Files";
			sourceTree = "<group>";
		};
		60FF7A9C1954A5C5007DD14C /* Podspec Metadata */ = {
			isa = PBXGroup;
			children = (
				D596F75589A70113AAF47B46 /* TuyaSmartCamera.podspec */,
				4EE3B74FE1C8190F6034E71F /* README.md */,
				653C1A922702C038E09EC359 /* LICENSE */,
			);
			name = "Podspec Metadata";
			sourceTree = "<group>";
		};
		7708147021D0E80F002E5C16 /* Views */ = {
			isa = PBXGroup;
			children = (
				7708146D21D0E80B002E5C16 /* TuyaSmartControlCollectionViewCell.h */,
				7708146E21D0E80B002E5C16 /* TuyaSmartControlCollectionViewCell.m */,
			);
			name = Views;
			sourceTree = "<group>";
		};
		7757663121D0C5B800BAA7D6 /* Classes */ = {
			isa = PBXGroup;
			children = (
				7708147021D0E80F002E5C16 /* Views */,
				7757664E21D0E61B00BAA7D6 /* Model */,
				7757663821D0C72400BAA7D6 /* ViewControllers */,
				7757663721D0C71E00BAA7D6 /* Utils */,
			);
			name = Classes;
			sourceTree = "<group>";
		};
		7757663721D0C71E00BAA7D6 /* Utils */ = {
			isa = PBXGroup;
			children = (
				7739643421D207F600566A8B /* NSDate+TuyaSmart.h */,
				7739643521D207F600566A8B /* NSDate+TuyaSmart.m */,
				77A7237E21DCC3BF00186154 /* TuyaSmartLoginManager.h */,
				77A7237F21DCC3BF00186154 /* TuyaSmartLoginManager.m */,
				77A7238121DDA5A200186154 /* TuyaSmartDeviceManager.h */,
				77A7238221DDA5A200186154 /* TuyaSmartDeviceManager.m */,
				77ACCDAE21EF1E9F0058244D /* TuyaSmartUserConfig.h */,
				77ACCDAD21EF1E9F0058244D /* TuyaSmartUserConfig.m */,
			);
			name = Utils;
			sourceTree = "<group>";
		};
		7757663821D0C72400BAA7D6 /* ViewControllers */ = {
			isa = PBXGroup;
			children = (
				7757663E21D0C78600BAA7D6 /* TuyaSmartDeviceTableViewController.h */,
				7757663F21D0C78600BAA7D6 /* TuyaSmartDeviceTableViewController.m */,
				7757664921D0E25E00BAA7D6 /* TuyaSmartCameraViewController.h */,
				7757664A21D0E25E00BAA7D6 /* TuyaSmartCameraViewController.m */,
				7757664B21D0E25E00BAA7D6 /* TuyaSmartCameraViewController.xib */,
			);
			name = ViewControllers;
			sourceTree = "<group>";
		};
		7757664E21D0E61B00BAA7D6 /* Model */ = {
			isa = PBXGroup;
			children = (
				7757664F21D0E64400BAA7D6 /* TuyaSmartControlModel.h */,
				7757665021D0E64400BAA7D6 /* TuyaSmartControlModel.m */,
			);
			name = Model;
			sourceTree = "<group>";
		};
/* End PBXGroup section */

/* Begin PBXNativeTarget section */
		6003F589195388D20070C39A /* TuyaSmartCamera_Example */ = {
			isa = PBXNativeTarget;
			buildConfigurationList = 6003F5BF195388D20070C39A /* Build configuration list for PBXNativeTarget "TuyaSmartCamera_Example" */;
			buildPhases = (
				2963909E5049813CD5599EAA /* [CP] Check Pods Manifest.lock */,
				6003F586195388D20070C39A /* Sources */,
				6003F587195388D20070C39A /* Frameworks */,
				6003F588195388D20070C39A /* Resources */,
				5647A7ADD2B0635CD843EF53 /* [CP] Embed Pods Frameworks */,
			);
			buildRules = (
			);
			dependencies = (
			);
			name = TuyaSmartCamera_Example;
			productName = TuyaSmartCamera;
			productReference = 6003F58A195388D20070C39A /* TuyaSmartCamera_Example.app */;
			productType = "com.apple.product-type.application";
		};
		6003F5AD195388D20070C39A /* TuyaSmartCamera_Tests */ = {
			isa = PBXNativeTarget;
			buildConfigurationList = 6003F5C2195388D20070C39A /* Build configuration list for PBXNativeTarget "TuyaSmartCamera_Tests" */;
			buildPhases = (
				9A39E467CDFC1B31959ABFBC /* [CP] Check Pods Manifest.lock */,
				6003F5AA195388D20070C39A /* Sources */,
				6003F5AB195388D20070C39A /* Frameworks */,
				6003F5AC195388D20070C39A /* Resources */,
			);
			buildRules = (
			);
			dependencies = (
				6003F5B4195388D20070C39A /* PBXTargetDependency */,
			);
			name = TuyaSmartCamera_Tests;
			productName = TuyaSmartCameraTests;
			productReference = 6003F5AE195388D20070C39A /* TuyaSmartCamera_Tests.xctest */;
			productType = "com.apple.product-type.bundle.unit-test";
		};
/* End PBXNativeTarget section */

/* Begin PBXProject section */
		6003F582195388D10070C39A /* Project object */ = {
			isa = PBXProject;
			attributes = {
				CLASSPREFIX = TuyaSmart;
				LastUpgradeCheck = 0720;
				ORGANIZATIONNAME = "fulang@tuya.com";
				TargetAttributes = {
					6003F589195388D20070C39A = {
						DevelopmentTeam = 94JFPTRDN5;
					};
					6003F5AD195388D20070C39A = {
						TestTargetID = 6003F589195388D20070C39A;
					};
				};
			};
			buildConfigurationList = 6003F585195388D10070C39A /* Build configuration list for PBXProject "TuyaSmartCamera" */;
			compatibilityVersion = "Xcode 3.2";
			developmentRegion = English;
			hasScannedForEncodings = 0;
			knownRegions = (
				en,
				Base,
			);
			mainGroup = 6003F581195388D10070C39A;
			productRefGroup = 6003F58B195388D20070C39A /* Products */;
			projectDirPath = "";
			projectRoot = "";
			targets = (
				6003F589195388D20070C39A /* TuyaSmartCamera_Example */,
				6003F5AD195388D20070C39A /* TuyaSmartCamera_Tests */,
			);
		};
/* End PBXProject section */

/* Begin PBXResourcesBuildPhase section */
		6003F588195388D20070C39A /* Resources */ = {
			isa = PBXResourcesBuildPhase;
			buildActionMask = 2147483647;
			files = (
				873B8AEB1B1F5CCA007FD442 /* Main.storyboard in Resources */,
				71719F9F1E33DC2100824A3D /* LaunchScreen.storyboard in Resources */,
				6003F5A9195388D20070C39A /* Images.xcassets in Resources */,
				7757664D21D0E25E00BAA7D6 /* TuyaSmartCameraViewController.xib in Resources */,
				6003F598195388D20070C39A /* InfoPlist.strings in Resources */,
			);
			runOnlyForDeploymentPostprocessing = 0;
		};
		6003F5AC195388D20070C39A /* Resources */ = {
			isa = PBXResourcesBuildPhase;
			buildActionMask = 2147483647;
			files = (
				6003F5BA195388D20070C39A /* InfoPlist.strings in Resources */,
			);
			runOnlyForDeploymentPostprocessing = 0;
		};
/* End PBXResourcesBuildPhase section */

/* Begin PBXShellScriptBuildPhase section */
		2963909E5049813CD5599EAA /* [CP] Check Pods Manifest.lock */ = {
			isa = PBXShellScriptBuildPhase;
			buildActionMask = 2147483647;
			files = (
			);
			inputPaths = (
				"${PODS_PODFILE_DIR_PATH}/Podfile.lock",
				"${PODS_ROOT}/Manifest.lock",
			);
			name = "[CP] Check Pods Manifest.lock";
			outputPaths = (
				"$(DERIVED_FILE_DIR)/Pods-TuyaSmartCamera_Example-checkManifestLockResult.txt",
			);
			runOnlyForDeploymentPostprocessing = 0;
			shellPath = /bin/sh;
			shellScript = "diff \"${PODS_PODFILE_DIR_PATH}/Podfile.lock\" \"${PODS_ROOT}/Manifest.lock\" > /dev/null\nif [ $? != 0 ] ; then\n    # print error to STDERR\n    echo \"error: The sandbox is not in sync with the Podfile.lock. Run 'pod install' or update your CocoaPods installation.\" >&2\n    exit 1\nfi\n# This output is used by Xcode 'outputs' to avoid re-running this script phase.\necho \"SUCCESS\" > \"${SCRIPT_OUTPUT_FILE_0}\"\n";
			showEnvVarsInLog = 0;
		};
		5647A7ADD2B0635CD843EF53 /* [CP] Embed Pods Frameworks */ = {
			isa = PBXShellScriptBuildPhase;
			buildActionMask = 2147483647;
			files = (
			);
			inputPaths = (
				"${SRCROOT}/Pods/Target Support Files/Pods-TuyaSmartCamera_Example/Pods-TuyaSmartCamera_Example-frameworks.sh",
				"${BUILT_PRODUCTS_DIR}/CocoaAsyncSocket/CocoaAsyncSocket.framework",
				"${BUILT_PRODUCTS_DIR}/MQTTClient/MQTTClient.framework",
				"${BUILT_PRODUCTS_DIR}/Reachability/Reachability.framework",
				"${BUILT_PRODUCTS_DIR}/UICKeyChainStore/UICKeyChainStore.framework",
				"${BUILT_PRODUCTS_DIR}/YYModel/YYModel.framework",
			);
			name = "[CP] Embed Pods Frameworks";
			outputPaths = (
				"${TARGET_BUILD_DIR}/${FRAMEWORKS_FOLDER_PATH}/CocoaAsyncSocket.framework",
				"${TARGET_BUILD_DIR}/${FRAMEWORKS_FOLDER_PATH}/MQTTClient.framework",
				"${TARGET_BUILD_DIR}/${FRAMEWORKS_FOLDER_PATH}/Reachability.framework",
				"${TARGET_BUILD_DIR}/${FRAMEWORKS_FOLDER_PATH}/UICKeyChainStore.framework",
				"${TARGET_BUILD_DIR}/${FRAMEWORKS_FOLDER_PATH}/YYModel.framework",
			);
			runOnlyForDeploymentPostprocessing = 0;
			shellPath = /bin/sh;
			shellScript = "\"${SRCROOT}/Pods/Target Support Files/Pods-TuyaSmartCamera_Example/Pods-TuyaSmartCamera_Example-frameworks.sh\"\n";
			showEnvVarsInLog = 0;
		};
		9A39E467CDFC1B31959ABFBC /* [CP] Check Pods Manifest.lock */ = {
			isa = PBXShellScriptBuildPhase;
			buildActionMask = 2147483647;
			files = (
			);
			inputPaths = (
				"${PODS_PODFILE_DIR_PATH}/Podfile.lock",
				"${PODS_ROOT}/Manifest.lock",
			);
			name = "[CP] Check Pods Manifest.lock";
			outputPaths = (
				"$(DERIVED_FILE_DIR)/Pods-TuyaSmartCamera_Tests-checkManifestLockResult.txt",
			);
			runOnlyForDeploymentPostprocessing = 0;
			shellPath = /bin/sh;
			shellScript = "diff \"${PODS_PODFILE_DIR_PATH}/Podfile.lock\" \"${PODS_ROOT}/Manifest.lock\" > /dev/null\nif [ $? != 0 ] ; then\n    # print error to STDERR\n    echo \"error: The sandbox is not in sync with the Podfile.lock. Run 'pod install' or update your CocoaPods installation.\" >&2\n    exit 1\nfi\n# This output is used by Xcode 'outputs' to avoid re-running this script phase.\necho \"SUCCESS\" > \"${SCRIPT_OUTPUT_FILE_0}\"\n";
			showEnvVarsInLog = 0;
		};
/* End PBXShellScriptBuildPhase section */

/* Begin PBXSourcesBuildPhase section */
		6003F586195388D20070C39A /* Sources */ = {
			isa = PBXSourcesBuildPhase;
			buildActionMask = 2147483647;
			files = (
				7757664021D0C78600BAA7D6 /* TuyaSmartDeviceTableViewController.m in Sources */,
				77ACCDAF21EF1E9F0058244D /* TuyaSmartUserConfig.m in Sources */,
				6003F59E195388D20070C39A /* TuyaSmartAppDelegate.m in Sources */,
				7708146F21D0E80B002E5C16 /* TuyaSmartControlCollectionViewCell.m in Sources */,
				7757664C21D0E25E00BAA7D6 /* TuyaSmartCameraViewController.m in Sources */,
				77A7238321DDA5A200186154 /* TuyaSmartDeviceManager.m in Sources */,
				77A7238021DCC3BF00186154 /* TuyaSmartLoginManager.m in Sources */,
				7739643621D207F600566A8B /* NSDate+TuyaSmart.m in Sources */,
				7757665121D0E64400BAA7D6 /* TuyaSmartControlModel.m in Sources */,
				6003F59A195388D20070C39A /* main.m in Sources */,
			);
			runOnlyForDeploymentPostprocessing = 0;
		};
		6003F5AA195388D20070C39A /* Sources */ = {
			isa = PBXSourcesBuildPhase;
			buildActionMask = 2147483647;
			files = (
				6003F5BC195388D20070C39A /* Tests.m in Sources */,
			);
			runOnlyForDeploymentPostprocessing = 0;
		};
/* End PBXSourcesBuildPhase section */

/* Begin PBXTargetDependency section */
		6003F5B4195388D20070C39A /* PBXTargetDependency */ = {
			isa = PBXTargetDependency;
			target = 6003F589195388D20070C39A /* TuyaSmartCamera_Example */;
			targetProxy = 6003F5B3195388D20070C39A /* PBXContainerItemProxy */;
		};
/* End PBXTargetDependency section */

/* Begin PBXVariantGroup section */
		6003F596195388D20070C39A /* InfoPlist.strings */ = {
			isa = PBXVariantGroup;
			children = (
				6003F597195388D20070C39A /* en */,
			);
			name = InfoPlist.strings;
			sourceTree = "<group>";
		};
		6003F5B8195388D20070C39A /* InfoPlist.strings */ = {
			isa = PBXVariantGroup;
			children = (
				6003F5B9195388D20070C39A /* en */,
			);
			name = InfoPlist.strings;
			sourceTree = "<group>";
		};
		71719F9D1E33DC2100824A3D /* LaunchScreen.storyboard */ = {
			isa = PBXVariantGroup;
			children = (
				71719F9E1E33DC2100824A3D /* Base */,
			);
			name = LaunchScreen.storyboard;
			sourceTree = "<group>";
		};
/* End PBXVariantGroup section */

/* Begin XCBuildConfiguration section */
		6003F5BD195388D20070C39A /* Debug */ = {
			isa = XCBuildConfiguration;
			buildSettings = {
				ALWAYS_SEARCH_USER_PATHS = NO;
				CLANG_CXX_LANGUAGE_STANDARD = "gnu++0x";
				CLANG_CXX_LIBRARY = "libc++";
				CLANG_ENABLE_MODULES = YES;
				CLANG_ENABLE_OBJC_ARC = YES;
				CLANG_WARN_BOOL_CONVERSION = YES;
				CLANG_WARN_CONSTANT_CONVERSION = YES;
				CLANG_WARN_DIRECT_OBJC_ISA_USAGE = YES_ERROR;
				CLANG_WARN_EMPTY_BODY = YES;
				CLANG_WARN_ENUM_CONVERSION = YES;
				CLANG_WARN_INT_CONVERSION = YES;
				CLANG_WARN_OBJC_ROOT_CLASS = YES_ERROR;
				CLANG_WARN__DUPLICATE_METHOD_MATCH = YES;
				"CODE_SIGN_IDENTITY[sdk=iphoneos*]" = "iPhone Developer";
				COPY_PHASE_STRIP = NO;
				ENABLE_BITCODE = NO;
				ENABLE_TESTABILITY = YES;
				GCC_C_LANGUAGE_STANDARD = gnu99;
				GCC_DYNAMIC_NO_PIC = NO;
				GCC_OPTIMIZATION_LEVEL = 0;
				GCC_PREPROCESSOR_DEFINITIONS = (
					"DEBUG=1",
					"$(inherited)",
				);
				GCC_SYMBOLS_PRIVATE_EXTERN = NO;
				GCC_WARN_64_TO_32_BIT_CONVERSION = YES;
				GCC_WARN_ABOUT_RETURN_TYPE = YES_ERROR;
				GCC_WARN_UNDECLARED_SELECTOR = YES;
				GCC_WARN_UNINITIALIZED_AUTOS = YES_AGGRESSIVE;
				GCC_WARN_UNUSED_FUNCTION = YES;
				GCC_WARN_UNUSED_VARIABLE = YES;
				IPHONEOS_DEPLOYMENT_TARGET = 9.3;
				ONLY_ACTIVE_ARCH = YES;
				SDKROOT = iphoneos;
				TARGETED_DEVICE_FAMILY = "1,2";
			};
			name = Debug;
		};
		6003F5BE195388D20070C39A /* Release */ = {
			isa = XCBuildConfiguration;
			buildSettings = {
				ALWAYS_SEARCH_USER_PATHS = NO;
				CLANG_CXX_LANGUAGE_STANDARD = "gnu++0x";
				CLANG_CXX_LIBRARY = "libc++";
				CLANG_ENABLE_MODULES = YES;
				CLANG_ENABLE_OBJC_ARC = YES;
				CLANG_WARN_BOOL_CONVERSION = YES;
				CLANG_WARN_CONSTANT_CONVERSION = YES;
				CLANG_WARN_DIRECT_OBJC_ISA_USAGE = YES_ERROR;
				CLANG_WARN_EMPTY_BODY = YES;
				CLANG_WARN_ENUM_CONVERSION = YES;
				CLANG_WARN_INT_CONVERSION = YES;
				CLANG_WARN_OBJC_ROOT_CLASS = YES_ERROR;
				CLANG_WARN__DUPLICATE_METHOD_MATCH = YES;
				"CODE_SIGN_IDENTITY[sdk=iphoneos*]" = "iPhone Developer";
				COPY_PHASE_STRIP = YES;
				ENABLE_BITCODE = NO;
				ENABLE_NS_ASSERTIONS = NO;
				GCC_C_LANGUAGE_STANDARD = gnu99;
				GCC_WARN_64_TO_32_BIT_CONVERSION = YES;
				GCC_WARN_ABOUT_RETURN_TYPE = YES_ERROR;
				GCC_WARN_UNDECLARED_SELECTOR = YES;
				GCC_WARN_UNINITIALIZED_AUTOS = YES_AGGRESSIVE;
				GCC_WARN_UNUSED_FUNCTION = YES;
				GCC_WARN_UNUSED_VARIABLE = YES;
				IPHONEOS_DEPLOYMENT_TARGET = 9.3;
				SDKROOT = iphoneos;
				TARGETED_DEVICE_FAMILY = "1,2";
				VALIDATE_PRODUCT = YES;
			};
			name = Release;
		};
		6003F5C0195388D20070C39A /* Debug */ = {
			isa = XCBuildConfiguration;
			baseConfigurationReference = BBD5D9C0FA860C2D17ECADAC /* Pods-TuyaSmartCamera_Example.debug.xcconfig */;
			buildSettings = {
				ASSETCATALOG_COMPILER_APPICON_NAME = AppIcon;
				DEVELOPMENT_TEAM = 94JFPTRDN5;
				ENABLE_BITCODE = NO;
				GCC_PRECOMPILE_PREFIX_HEADER = YES;
				GCC_PREFIX_HEADER = "TuyaSmartCamera/TuyaSmartCamera-Prefix.pch";
				INFOPLIST_FILE = "TuyaSmartCamera/TuyaSmartCamera-Info.plist";
				MODULE_NAME = ExampleApp;
				PRODUCT_BUNDLE_IDENTIFIER = org.cocoapods.demo.TuyaSmartCamera;
				PRODUCT_NAME = "$(TARGET_NAME)";
				WRAPPER_EXTENSION = app;
			};
			name = Debug;
		};
		6003F5C1195388D20070C39A /* Release */ = {
			isa = XCBuildConfiguration;
			baseConfigurationReference = C08177514A2B1373D09A8CEE /* Pods-TuyaSmartCamera_Example.release.xcconfig */;
			buildSettings = {
				ASSETCATALOG_COMPILER_APPICON_NAME = AppIcon;
				DEVELOPMENT_TEAM = 94JFPTRDN5;
				ENABLE_BITCODE = NO;
				GCC_PRECOMPILE_PREFIX_HEADER = YES;
				GCC_PREFIX_HEADER = "TuyaSmartCamera/TuyaSmartCamera-Prefix.pch";
				INFOPLIST_FILE = "TuyaSmartCamera/TuyaSmartCamera-Info.plist";
				MODULE_NAME = ExampleApp;
				PRODUCT_BUNDLE_IDENTIFIER = org.cocoapods.demo.TuyaSmartCamera;
				PRODUCT_NAME = "$(TARGET_NAME)";
				WRAPPER_EXTENSION = app;
			};
			name = Release;
		};
		6003F5C3195388D20070C39A /* Debug */ = {
			isa = XCBuildConfiguration;
			baseConfigurationReference = 39BE4D255119486306BA9F38 /* Pods-TuyaSmartCamera_Tests.debug.xcconfig */;
			buildSettings = {
				BUNDLE_LOADER = "$(TEST_HOST)";
				FRAMEWORK_SEARCH_PATHS = (
					"$(SDKROOT)/Developer/Library/Frameworks",
					"$(inherited)",
					"$(DEVELOPER_FRAMEWORKS_DIR)",
				);
				GCC_PRECOMPILE_PREFIX_HEADER = YES;
				GCC_PREFIX_HEADER = "Tests/Tests-Prefix.pch";
				GCC_PREPROCESSOR_DEFINITIONS = (
					"DEBUG=1",
					"$(inherited)",
				);
				INFOPLIST_FILE = "Tests/Tests-Info.plist";
				PRODUCT_BUNDLE_IDENTIFIER = "org.cocoapods.demo.${PRODUCT_NAME:rfc1034identifier}";
				PRODUCT_NAME = "$(TARGET_NAME)";
				TEST_HOST = "$(BUILT_PRODUCTS_DIR)/TuyaSmartCamera_Example.app/TuyaSmartCamera_Example";
				WRAPPER_EXTENSION = xctest;
			};
			name = Debug;
		};
		6003F5C4195388D20070C39A /* Release */ = {
			isa = XCBuildConfiguration;
			baseConfigurationReference = B48CAB5EA93F2D71CC50F8D2 /* Pods-TuyaSmartCamera_Tests.release.xcconfig */;
			buildSettings = {
				BUNDLE_LOADER = "$(TEST_HOST)";
				FRAMEWORK_SEARCH_PATHS = (
					"$(SDKROOT)/Developer/Library/Frameworks",
					"$(inherited)",
					"$(DEVELOPER_FRAMEWORKS_DIR)",
				);
				GCC_PRECOMPILE_PREFIX_HEADER = YES;
				GCC_PREFIX_HEADER = "Tests/Tests-Prefix.pch";
				INFOPLIST_FILE = "Tests/Tests-Info.plist";
				PRODUCT_BUNDLE_IDENTIFIER = "org.cocoapods.demo.${PRODUCT_NAME:rfc1034identifier}";
				PRODUCT_NAME = "$(TARGET_NAME)";
				TEST_HOST = "$(BUILT_PRODUCTS_DIR)/TuyaSmartCamera_Example.app/TuyaSmartCamera_Example";
				WRAPPER_EXTENSION = xctest;
			};
			name = Release;
		};
/* End XCBuildConfiguration section */

/* Begin XCConfigurationList section */
		6003F585195388D10070C39A /* Build configuration list for PBXProject "TuyaSmartCamera" */ = {
			isa = XCConfigurationList;
			buildConfigurations = (
				6003F5BD195388D20070C39A /* Debug */,
				6003F5BE195388D20070C39A /* Release */,
			);
			defaultConfigurationIsVisible = 0;
			defaultConfigurationName = Release;
		};
		6003F5BF195388D20070C39A /* Build configuration list for PBXNativeTarget "TuyaSmartCamera_Example" */ = {
			isa = XCConfigurationList;
			buildConfigurations = (
				6003F5C0195388D20070C39A /* Debug */,
				6003F5C1195388D20070C39A /* Release */,
			);
			defaultConfigurationIsVisible = 0;
			defaultConfigurationName = Release;
		};
		6003F5C2195388D20070C39A /* Build configuration list for PBXNativeTarget "TuyaSmartCamera_Tests" */ = {
			isa = XCConfigurationList;
			buildConfigurations = (
				6003F5C3195388D20070C39A /* Debug */,
				6003F5C4195388D20070C39A /* Release */,
			);
			defaultConfigurationIsVisible = 0;
			defaultConfigurationName = Release;
		};
/* End XCConfigurationList section */
	};
	rootObject = 6003F582195388D10070C39A /* Project object */;
}
